
Microsoft Visual Studio Solution File, Format Version 12.00
# Visual Studio Version 17
VisualStudioVersion = 17.9.34714.143
MinimumVisualStudioVersion = 10.0.40219.1
Project("{FAE04EC0-301F-11D3-BF4B-00C04F79EFBC}") = "Tempo legivel por humanos", "Tempo legivel por humanos.csproj", "{82C3847E-00CF-4B05-B234-277DCFE3AEF0}"
EndProject
Global
	GlobalSection(SolutionConfigurationPlatforms) = preSolution
		Debug|Any CPU = Debug|Any CPU
		Release|Any CPU = Release|Any CPU
	EndGlobalSection
	GlobalSection(ProjectConfigurationPlatforms) = postSolution
		{82C3847E-00CF-4B05-B234-277DCFE3AEF0}.Debug|Any CPU.ActiveCfg = Debug|Any CPU
		{82C3847E-00CF-4B05-B234-277DCFE3AEF0}.Debug|Any CPU.Build.0 = Debug|Any CPU
		{82C3847E-00CF-4B05-B234-277DCFE3AEF0}.Release|Any CPU.ActiveCfg = Release|Any CPU
		{82C3847E-00CF-4B05-B234-277DCFE3AEF0}.Release|Any CPU.Build.0 = Release|Any CPU
	EndGlobalSection
	GlobalSection(SolutionProperties) = preSolution
		HideSolutionNode = FALSE
	EndGlobalSection
	GlobalSection(ExtensibilityGlobals) = postSolution
		SolutionGuid = {15D797C8-CF4C-4247-BEEE-6D11A29A5FBD}
	EndGlobalSection
EndGlobal
