
Microsoft Visual Studio Solution File, Format Version 12.00
# Visual Studio Version 17
VisualStudioVersion = 17.9.34714.143
MinimumVisualStudioVersion = 10.0.40219.1
Project("{FAE04EC0-301F-11D3-BF4B-00C04F79EFBC}") = "Meu número parece grande nisso - Número Narcisista", "Meu número parece grande nisso - Número Narcisista.csproj", "{FD069AEE-6720-4307-A589-CF38A62E3133}"
EndProject
Global
	GlobalSection(SolutionConfigurationPlatforms) = preSolution
		Debug|Any CPU = Debug|Any CPU
		Release|Any CPU = Release|Any CPU
	EndGlobalSection
	GlobalSection(ProjectConfigurationPlatforms) = postSolution
		{FD069AEE-6720-4307-A589-CF38A62E3133}.Debug|Any CPU.ActiveCfg = Debug|Any CPU
		{FD069AEE-6720-4307-A589-CF38A62E3133}.Debug|Any CPU.Build.0 = Debug|Any CPU
		{FD069AEE-6720-4307-A589-CF38A62E3133}.Release|Any CPU.ActiveCfg = Release|Any CPU
		{FD069AEE-6720-4307-A589-CF38A62E3133}.Release|Any CPU.Build.0 = Release|Any CPU
	EndGlobalSection
	GlobalSection(SolutionProperties) = preSolution
		HideSolutionNode = FALSE
	EndGlobalSection
	GlobalSection(ExtensibilityGlobals) = postSolution
		SolutionGuid = {FBB570D2-4D9D-4024-A215-A71CC3DB1201}
	EndGlobalSection
EndGlobal
