
Microsoft Visual Studio Solution File, Format Version 12.00
# Visual Studio Version 17
VisualStudioVersion = 17.9.34714.143
MinimumVisualStudioVersion = 10.0.40219.1
Project("{FAE04EC0-301F-11D3-BF4B-00C04F79EFBC}") = "Onda Mexicana", "Onda Mexicana.csproj", "{05A85D02-07D6-402F-85CD-AD10838AF6DD}"
EndProject
Global
	GlobalSection(SolutionConfigurationPlatforms) = preSolution
		Debug|Any CPU = Debug|Any CPU
		Release|Any CPU = Release|Any CPU
	EndGlobalSection
	GlobalSection(ProjectConfigurationPlatforms) = postSolution
		{05A85D02-07D6-402F-85CD-AD10838AF6DD}.Debug|Any CPU.ActiveCfg = Debug|Any CPU
		{05A85D02-07D6-402F-85CD-AD10838AF6DD}.Debug|Any CPU.Build.0 = Debug|Any CPU
		{05A85D02-07D6-402F-85CD-AD10838AF6DD}.Release|Any CPU.ActiveCfg = Release|Any CPU
		{05A85D02-07D6-402F-85CD-AD10838AF6DD}.Release|Any CPU.Build.0 = Release|Any CPU
	EndGlobalSection
	GlobalSection(SolutionProperties) = preSolution
		HideSolutionNode = FALSE
	EndGlobalSection
	GlobalSection(ExtensibilityGlobals) = postSolution
		SolutionGuid = {C005362A-7296-407B-880A-A55596AC11B6}
	EndGlobalSection
EndGlobal
