
Microsoft Visual Studio Solution File, Format Version 12.00
# Visual Studio Version 17
VisualStudioVersion = 17.9.34714.143
MinimumVisualStudioVersion = 10.0.40219.1
Project("{FAE04EC0-301F-11D3-BF4B-00C04F79EFBC}") = "Quantidade total de pontos", "Quantidade total de pontos.csproj", "{5CB0D726-5DA3-44A1-9FB2-396EF609349F}"
EndProject
Global
	GlobalSection(SolutionConfigurationPlatforms) = preSolution
		Debug|Any CPU = Debug|Any CPU
		Release|Any CPU = Release|Any CPU
	EndGlobalSection
	GlobalSection(ProjectConfigurationPlatforms) = postSolution
		{5CB0D726-5DA3-44A1-9FB2-396EF609349F}.Debug|Any CPU.ActiveCfg = Debug|Any CPU
		{5CB0D726-5DA3-44A1-9FB2-396EF609349F}.Debug|Any CPU.Build.0 = Debug|Any CPU
		{5CB0D726-5DA3-44A1-9FB2-396EF609349F}.Release|Any CPU.ActiveCfg = Release|Any CPU
		{5CB0D726-5DA3-44A1-9FB2-396EF609349F}.Release|Any CPU.Build.0 = Release|Any CPU
	EndGlobalSection
	GlobalSection(SolutionProperties) = preSolution
		HideSolutionNode = FALSE
	EndGlobalSection
	GlobalSection(ExtensibilityGlobals) = postSolution
		SolutionGuid = {68FB6BF4-63B9-4943-8A55-E94020E9DBFC}
	EndGlobalSection
EndGlobal
