
Microsoft Visual Studio Solution File, Format Version 12.00
# Visual Studio Version 17
VisualStudioVersion = 17.9.34714.143
MinimumVisualStudioVersion = 10.0.40219.1
Project("{FAE04EC0-301F-11D3-BF4B-00C04F79EFBC}") = "Substitua todas as vogais por ponto de exclamação na frase", "Substitua todas as vogais por ponto de exclamação na frase.csproj", "{7CA0EAFE-56E6-4894-940B-7F968A4661D3}"
EndProject
Global
	GlobalSection(SolutionConfigurationPlatforms) = preSolution
		Debug|Any CPU = Debug|Any CPU
		Release|Any CPU = Release|Any CPU
	EndGlobalSection
	GlobalSection(ProjectConfigurationPlatforms) = postSolution
		{7CA0EAFE-56E6-4894-940B-7F968A4661D3}.Debug|Any CPU.ActiveCfg = Debug|Any CPU
		{7CA0EAFE-56E6-4894-940B-7F968A4661D3}.Debug|Any CPU.Build.0 = Debug|Any CPU
		{7CA0EAFE-56E6-4894-940B-7F968A4661D3}.Release|Any CPU.ActiveCfg = Release|Any CPU
		{7CA0EAFE-56E6-4894-940B-7F968A4661D3}.Release|Any CPU.Build.0 = Release|Any CPU
	EndGlobalSection
	GlobalSection(SolutionProperties) = preSolution
		HideSolutionNode = FALSE
	EndGlobalSection
	GlobalSection(ExtensibilityGlobals) = postSolution
		SolutionGuid = {6B139D03-C857-4131-B258-B58F38A067A4}
	EndGlobalSection
EndGlobal
